
Microsoft Visual Studio Solution File, Format Version 12.00
# Visual Studio Version 17
VisualStudioVersion = 17.2.32630.192
MinimumVisualStudioVersion = 10.0.40219.1
Project("{9A19103F-16F7-4668-BE54-9A1E7A4F7556}") = "Infrastructure", "Infrastructure\Infrastructure.csproj", "{FA39EE64-CF11-4820-94C9-43F9A91FFA0B}"
EndProject
Global
	GlobalSection(SolutionConfigurationPlatforms) = preSolution
		Debug|Any CPU = Debug|Any CPU
		Release|Any CPU = Release|Any CPU
	EndGlobalSection
	GlobalSection(ProjectConfigurationPlatforms) = postSolution
		{FA39EE64-CF11-4820-94C9-43F9A91FFA0B}.Debug|Any CPU.ActiveCfg = Debug|Any CPU
		{FA39EE64-CF11-4820-94C9-43F9A91FFA0B}.Debug|Any CPU.Build.0 = Debug|Any CPU
		{FA39EE64-CF11-4820-94C9-43F9A91FFA0B}.Release|Any CPU.ActiveCfg = Release|Any CPU
		{FA39EE64-CF11-4820-94C9-43F9A91FFA0B}.Release|Any CPU.Build.0 = Release|Any CPU
	EndGlobalSection
	GlobalSection(SolutionProperties) = preSolution
		HideSolutionNode = FALSE
	EndGlobalSection
	GlobalSection(ExtensibilityGlobals) = postSolution
		SolutionGuid = {E10C9BC8-1E6B-475D-8BC4-88BE725921E8}
	EndGlobalSection
EndGlobal
